// !$*UTF8*$!
{
	archiveVersion = 1;
	classes = {
	};
	objectVersion = 50;
	objects = {

/* Begin PBXBuildFile section */
		D71F587A238429B000EB7929 /* AppDelegate.swift in Sources */ = {isa = PBXBuildFile; fileRef = D71F5879238429B000EB7929 /* AppDelegate.swift */; };
		D71F587C238429B000EB7929 /* SceneDelegate.swift in Sources */ = {isa = PBXBuildFile; fileRef = D71F587B238429B000EB7929 /* SceneDelegate.swift */; };
		D71F587E238429B000EB7929 /* ViewController.swift in Sources */ = {isa = PBXBuildFile; fileRef = D71F587D238429B000EB7929 /* ViewController.swift */; };
		D71F5881238429B000EB7929 /* Main.storyboard in Resources */ = {isa = PBXBuildFile; fileRef = D71F587F238429B000EB7929 /* Main.storyboard */; };
		D71F5883238429B200EB7929 /* Assets.xcassets in Resources */ = {isa = PBXBuildFile; fileRef = D71F5882238429B200EB7929 /* Assets.xcassets */; };
		D71F5886238429B200EB7929 /* LaunchScreen.storyboard in Resources */ = {isa = PBXBuildFile; fileRef = D71F5884238429B200EB7929 /* LaunchScreen.storyboard */; };
		D71F588E23842F7B00EB7929 /* MonthCell.swift in Sources */ = {isa = PBXBuildFile; fileRef = D71F588D23842F7B00EB7929 /* MonthCell.swift */; };
		D71F5890238432EF00EB7929 /* DayCell.swift in Sources */ = {isa = PBXBuildFile; fileRef = D71F588F238432EF00EB7929 /* DayCell.swift */; };
/* End PBXBuildFile section */

/* Begin PBXFileReference section */
		D71F5876238429B000EB7929 /* BenCalendarApp.app */ = {isa = PBXFileReference; explicitFileType = wrapper.application; includeInIndex = 0; path = BenCalendarApp.app; sourceTree = BUILT_PRODUCTS_DIR; };
		D71F5879238429B000EB7929 /* AppDelegate.swift */ = {isa = PBXFileReference; lastKnownFileType = sourcecode.swift; path = AppDelegate.swift; sourceTree = "<group>"; };
		D71F587B238429B000EB7929 /* SceneDelegate.swift */ = {isa = PBXFileReference; lastKnownFileType = sourcecode.swift; path = SceneDelegate.swift; sourceTree = "<group>"; };
		D71F587D238429B000EB7929 /* ViewController.swift */ = {isa = PBXFileReference; lastKnownFileType = sourcecode.swift; path = ViewController.swift; sourceTree = "<group>"; };
		D71F5880238429B000EB7929 /* Base */ = {isa = PBXFileReference; lastKnownFileType = file.storyboard; name = Base; path = Base.lproj/Main.storyboard; sourceTree = "<group>"; };
		D71F5882238429B200EB7929 /* Assets.xcassets */ = {isa = PBXFileReference; lastKnownFileType = folder.assetcatalog; path = Assets.xcassets; sourceTree = "<group>"; };
		D71F5885238429B200EB7929 /* Base */ = {isa = PBXFileReference; lastKnownFileType = file.storyboard; name = Base; path = Base.lproj/LaunchScreen.storyboard; sourceTree = "<group>"; };
		D71F5887238429B200EB7929 /* Info.plist */ = {isa = PBXFileReference; lastKnownFileType = text.plist.xml; path = Info.plist; sourceTree = "<group>"; };
		D71F588D23842F7B00EB7929 /* MonthCell.swift */ = {isa = PBXFileReference; lastKnownFileType = sourcecode.swift; path = MonthCell.swift; sourceTree = "<group>"; };
		D71F588F238432EF00EB7929 /* DayCell.swift */ = {isa = PBXFileReference; lastKnownFileType = sourcecode.swift; path = DayCell.swift; sourceTree = "<group>"; };
/* End PBXFileReference section */

/* Begin PBXFrameworksBuildPhase section */
		D71F5873238429B000EB7929 /* Frameworks */ = {
			isa = PBXFrameworksBuildPhase;
			buildActionMask = 2147483647;
			files = (
			);
			runOnlyForDeploymentPostprocessing = 0;
		};
/* End PBXFrameworksBuildPhase section */

/* Begin PBXGroup section */
		D71F586D238429B000EB7929 = {
			isa = PBXGroup;
			children = (
				D71F5878238429B000EB7929 /* BenCalendarApp */,
				D71F5877238429B000EB7929 /* Products */,
			);
			sourceTree = "<group>";
		};
		D71F5877238429B000EB7929 /* Products */ = {
			isa = PBXGroup;
			children = (
				D71F5876238429B000EB7929 /* BenCalendarApp.app */,
			);
			name = Products;
			sourceTree = "<group>";
		};
		D71F5878238429B000EB7929 /* BenCalendarApp */ = {
			isa = PBXGroup;
			children = (
				D71F589123847C9100EB7929 /* Cells */,
				D71F5879238429B000EB7929 /* AppDelegate.swift */,
				D71F587B238429B000EB7929 /* SceneDelegate.swift */,
				D71F587D238429B000EB7929 /* ViewController.swift */,
				D71F587F238429B000EB7929 /* Main.storyboard */,
				D71F5882238429B200EB7929 /* Assets.xcassets */,
				D71F5884238429B200EB7929 /* LaunchScreen.storyboard */,
				D71F5887238429B200EB7929 /* Info.plist */,
			);
			path = BenCalendarApp;
			sourceTree = "<group>";
		};
		D71F589123847C9100EB7929 /* Cells */ = {
			isa = PBXGroup;
			children = (
				D71F588D23842F7B00EB7929 /* MonthCell.swift */,
				D71F588F238432EF00EB7929 /* DayCell.swift */,
			);
			path = Cells;
			sourceTree = "<group>";
		};
/* End PBXGroup section */

/* Begin PBXNativeTarget section */
		D71F5875238429B000EB7929 /* BenCalendarApp */ = {
			isa = PBXNativeTarget;
			buildConfigurationList = D71F588A238429B200EB7929 /* Build configuration list for PBXNativeTarget "BenCalendarApp" */;
			buildPhases = (
				D71F5872238429B000EB7929 /* Sources */,
				D71F5873238429B000EB7929 /* Frameworks */,
				D71F5874238429B000EB7929 /* Resources */,
			);
			buildRules = (
			);
			dependencies = (
			);
			name = BenCalendarApp;
			productName = BenCalendarApp;
			productReference = D71F5876238429B000EB7929 /* BenCalendarApp.app */;
			productType = "com.apple.product-type.application";
		};
/* End PBXNativeTarget section */

/* Begin PBXProject section */
		D71F586E238429B000EB7929 /* Project object */ = {
			isa = PBXProject;
			attributes = {
				LastSwiftUpdateCheck = 1120;
				LastUpgradeCheck = 1120;
				ORGANIZATIONNAME = BenM;
				TargetAttributes = {
					D71F5875238429B000EB7929 = {
						CreatedOnToolsVersion = 11.2.1;
					};
				};
			};
			buildConfigurationList = D71F5871238429B000EB7929 /* Build configuration list for PBXProject "BenCalendarApp" */;
			compatibilityVersion = "Xcode 9.3";
			developmentRegion = en;
			hasScannedForEncodings = 0;
			knownRegions = (
				en,
				Base,
			);
			mainGroup = D71F586D238429B000EB7929;
			productRefGroup = D71F5877238429B000EB7929 /* Products */;
			projectDirPath = "";
			projectRoot = "";
			targets = (
				D71F5875238429B000EB7929 /* BenCalendarApp */,
			);
		};
/* End PBXProject section */

/* Begin PBXResourcesBuildPhase section */
		D71F5874238429B000EB7929 /* Resources */ = {
			isa = PBXResourcesBuildPhase;
			buildActionMask = 2147483647;
			files = (
				D71F5886238429B200EB7929 /* LaunchScreen.storyboard in Resources */,
				D71F5883238429B200EB7929 /* Assets.xcassets in Resources */,
				D71F5881238429B000EB7929 /* Main.storyboard in Resources */,
			);
			runOnlyForDeploymentPostprocessing = 0;
		};
/* End PBXResourcesBuildPhase section */

/* Begin PBXSourcesBuildPhase section */
		D71F5872238429B000EB7929 /* Sources */ = {
			isa = PBXSourcesBuildPhase;
			buildActionMask = 2147483647;
			files = (
				D71F588E23842F7B00EB7929 /* MonthCell.swift in Sources */,
				D71F587E238429B000EB7929 /* ViewController.swift in Sources */,
				D71F5890238432EF00EB7929 /* DayCell.swift in Sources */,
				D71F587A238429B000EB7929 /* AppDelegate.swift in Sources */,
				D71F587C238429B000EB7929 /* SceneDelegate.swift in Sources */,
			);
			runOnlyForDeploymentPostprocessing = 0;
		};
/* End PBXSourcesBuildPhase section */

/* Begin PBXVariantGroup section */
		D71F587F238429B000EB7929 /* Main.storyboard */ = {
			isa = PBXVariantGroup;
			children = (
				D71F5880238429B000EB7929 /* Base */,
			);
			name = Main.storyboard;
			sourceTree = "<group>";
		};
		D71F5884238429B200EB7929 /* LaunchScreen.storyboard */ = {
			isa = PBXVariantGroup;
			children = (
				D71F5885238429B200EB7929 /* Base */,
			);
			name = LaunchScreen.storyboard;
			sourceTree = "<group>";
		};
/* End PBXVariantGroup section */

/* Begin XCBuildConfiguration section */
		D71F5888238429B200EB7929 /* Debug */ = {
			isa = XCBuildConfiguration;
			buildSettings = {
				ALWAYS_SEARCH_USER_PATHS = NO;
				CLANG_ANALYZER_NONNULL = YES;
				CLANG_ANALYZER_NUMBER_OBJECT_CONVERSION = YES_AGGRESSIVE;
				CLANG_CXX_LANGUAGE_STANDARD = "gnu++14";
				CLANG_CXX_LIBRARY = "libc++";
				CLANG_ENABLE_MODULES = YES;
				CLANG_ENABLE_OBJC_ARC = YES;
				CLANG_ENABLE_OBJC_WEAK = YES;
				CLANG_WARN_BLOCK_CAPTURE_AUTORELEASING = YES;
				CLANG_WARN_BOOL_CONVERSION = YES;
				CLANG_WARN_COMMA = YES;
				CLANG_WARN_CONSTANT_CONVERSION = YES;
				CLANG_WARN_DEPRECATED_OBJC_IMPLEMENTATIONS = YES;
				CLANG_WARN_DIRECT_OBJC_ISA_USAGE = YES_ERROR;
				CLANG_WARN_DOCUMENTATION_COMMENTS = YES;
				CLANG_WARN_EMPTY_BODY = YES;
				CLANG_WARN_ENUM_CONVERSION = YES;
				CLANG_WARN_INFINITE_RECURSION = YES;
				CLANG_WARN_INT_CONVERSION = YES;
				CLANG_WARN_NON_LITERAL_NULL_CONVERSION = YES;
				CLANG_WARN_OBJC_IMPLICIT_RETAIN_SELF = YES;
				CLANG_WARN_OBJC_LITERAL_CONVERSION = YES;
				CLANG_WARN_OBJC_ROOT_CLASS = YES_ERROR;
				CLANG_WARN_RANGE_LOOP_ANALYSIS = YES;
				CLANG_WARN_STRICT_PROTOTYPES = YES;
				CLANG_WARN_SUSPICIOUS_MOVE = YES;
				CLANG_WARN_UNGUARDED_AVAILABILITY = YES_AGGRESSIVE;
				CLANG_WARN_UNREACHABLE_CODE = YES;
				CLANG_WARN__DUPLICATE_METHOD_MATCH = YES;
				COPY_PHASE_STRIP = NO;
				DEBUG_INFORMATION_FORMAT = dwarf;
				ENABLE_STRICT_OBJC_MSGSEND = YES;
				ENABLE_TESTABILITY = YES;
				GCC_C_LANGUAGE_STANDARD = gnu11;
				GCC_DYNAMIC_NO_PIC = NO;
				GCC_NO_COMMON_BLOCKS = YES;
				GCC_OPTIMIZATION_LEVEL = 0;
				GCC_PREPROCESSOR_DEFINITIONS = (
					"DEBUG=1",
					"$(inherited)",
				);
				GCC_WARN_64_TO_32_BIT_CONVERSION = YES;
				GCC_WARN_ABOUT_RETURN_TYPE = YES_ERROR;
				GCC_WARN_UNDECLARED_SELECTOR = YES;
				GCC_WARN_UNINITIALIZED_AUTOS = YES_AGGRESSIVE;
				GCC_WARN_UNUSED_FUNCTION = YES;
				GCC_WARN_UNUSED_VARIABLE = YES;
				IPHONEOS_DEPLOYMENT_TARGET = 13.2;
				MTL_ENABLE_DEBUG_INFO = INCLUDE_SOURCE;
				MTL_FAST_MATH = YES;
				ONLY_ACTIVE_ARCH = YES;
				SDKROOT = iphoneos;
				SWIFT_ACTIVE_COMPILATION_CONDITIONS = DEBUG;
				SWIFT_OPTIMIZATION_LEVEL = "-Onone";
			};
			name = Debug;
		};
		D71F5889238429B200EB7929 /* Release */ = {
			isa = XCBuildConfiguration;
			buildSettings = {
				ALWAYS_SEARCH_USER_PATHS = NO;
				CLANG_ANALYZER_NONNULL = YES;
				CLANG_ANALYZER_NUMBER_OBJECT_CONVERSION = YES_AGGRESSIVE;
				CLANG_CXX_LANGUAGE_STANDARD = "gnu++14";
				CLANG_CXX_LIBRARY = "libc++";
				CLANG_ENABLE_MODULES = YES;
				CLANG_ENABLE_OBJC_ARC = YES;
				CLANG_ENABLE_OBJC_WEAK = YES;
				CLANG_WARN_BLOCK_CAPTURE_AUTORELEASING = YES;
				CLANG_WARN_BOOL_CONVERSION = YES;
				CLANG_WARN_COMMA = YES;
				CLANG_WARN_CONSTANT_CONVERSION = YES;
				CLANG_WARN_DEPRECATED_OBJC_IMPLEMENTATIONS = YES;
				CLANG_WARN_DIRECT_OBJC_ISA_USAGE = YES_ERROR;
				CLANG_WARN_DOCUMENTATION_COMMENTS = YES;
				CLANG_WARN_EMPTY_BODY = YES;
				CLANG_WARN_ENUM_CONVERSION = YES;
				CLANG_WARN_INFINITE_RECURSION = YES;
				CLANG_WARN_INT_CONVERSION = YES;
				CLANG_WARN_NON_LITERAL_NULL_CONVERSION = YES;
				CLANG_WARN_OBJC_IMPLICIT_RETAIN_SELF = YES;
				CLANG_WARN_OBJC_LITERAL_CONVERSION = YES;
				CLANG_WARN_OBJC_ROOT_CLASS = YES_ERROR;
				CLANG_WARN_RANGE_LOOP_ANALYSIS = YES;
				CLANG_WARN_STRICT_PROTOTYPES = YES;
				CLANG_WARN_SUSPICIOUS_MOVE = YES;
				CLANG_WARN_UNGUARDED_AVAILABILITY = YES_AGGRESSIVE;
				CLANG_WARN_UNREACHABLE_CODE = YES;
				CLANG_WARN__DUPLICATE_METHOD_MATCH = YES;
				COPY_PHASE_STRIP = NO;
				DEBUG_INFORMATION_FORMAT = "dwarf-with-dsym";
				ENABLE_NS_ASSERTIONS = NO;
				ENABLE_STRICT_OBJC_MSGSEND = YES;
				GCC_C_LANGUAGE_STANDARD = gnu11;
				GCC_NO_COMMON_BLOCKS = YES;
				GCC_WARN_64_TO_32_BIT_CONVERSION = YES;
				GCC_WARN_ABOUT_RETURN_TYPE = YES_ERROR;
				GCC_WARN_UNDECLARED_SELECTOR = YES;
				GCC_WARN_UNINITIALIZED_AUTOS = YES_AGGRESSIVE;
				GCC_WARN_UNUSED_FUNCTION = YES;
				GCC_WARN_UNUSED_VARIABLE = YES;
				IPHONEOS_DEPLOYMENT_TARGET = 13.2;
				MTL_ENABLE_DEBUG_INFO = NO;
				MTL_FAST_MATH = YES;
				SDKROOT = iphoneos;
				SWIFT_COMPILATION_MODE = wholemodule;
				SWIFT_OPTIMIZATION_LEVEL = "-O";
				VALIDATE_PRODUCT = YES;
			};
			name = Release;
		};
		D71F588B238429B200EB7929 /* Debug */ = {
			isa = XCBuildConfiguration;
			buildSettings = {
				ASSETCATALOG_COMPILER_APPICON_NAME = AppIcon;
				CODE_SIGN_STYLE = Automatic;
				DEVELOPMENT_TEAM = 96Q26UST5X;
				INFOPLIST_FILE = BenCalendarApp/Info.plist;
				LD_RUNPATH_SEARCH_PATHS = (
					"$(inherited)",
					"@executable_path/Frameworks",
				);
				PRODUCT_BUNDLE_IDENTIFIER = com.benm.BenCalendarApp;
				PRODUCT_NAME = "$(TARGET_NAME)";
				SWIFT_VERSION = 5.0;
				TARGETED_DEVICE_FAMILY = "1,2";
			};
			name = Debug;
		};
		D71F588C238429B200EB7929 /* Release */ = {
			isa = XCBuildConfiguration;
			buildSettings = {
				ASSETCATALOG_COMPILER_APPICON_NAME = AppIcon;
				CODE_SIGN_STYLE = Automatic;
				DEVELOPMENT_TEAM = 96Q26UST5X;
				INFOPLIST_FILE = BenCalendarApp/Info.plist;
				LD_RUNPATH_SEARCH_PATHS = (
					"$(inherited)",
					"@executable_path/Frameworks",
				);
				PRODUCT_BUNDLE_IDENTIFIER = com.benm.BenCalendarApp;
				PRODUCT_NAME = "$(TARGET_NAME)";
				SWIFT_VERSION = 5.0;
				TARGETED_DEVICE_FAMILY = "1,2";
			};
			name = Release;
		};
/* End XCBuildConfiguration section */

/* Begin XCConfigurationList section */
		D71F5871238429B000EB7929 /* Build configuration list for PBXProject "BenCalendarApp" */ = {
			isa = XCConfigurationList;
			buildConfigurations = (
				D71F5888238429B200EB7929 /* Debug */,
				D71F5889238429B200EB7929 /* Release */,
			);
			defaultConfigurationIsVisible = 0;
			defaultConfigurationName = Release;
		};
		D71F588A238429B200EB7929 /* Build configuration list for PBXNativeTarget "BenCalendarApp" */ = {
			isa = XCConfigurationList;
			buildConfigurations = (
				D71F588B238429B200EB7929 /* Debug */,
				D71F588C238429B200EB7929 /* Release */,
			);
			defaultConfigurationIsVisible = 0;
			defaultConfigurationName = Release;
		};
/* End XCConfigurationList section */
	};
	rootObject = D71F586E238429B000EB7929 /* Project object */;
}
